{
    "_readme": [
        "This file locks the dependencies of your project to a known state",
        "Read more about it at https://getcomposer.org/doc/01-basic-usage.md#composer-lock-the-lock-file",
        "This file is @generated automatically"
    ],
    "hash": "a7768a1e544763848d8ed04300d7a595",
    "content-hash": "ed2f6150802e506f0889945888437987",
    "packages": [
        {
            "name": "saturn/hyperion",
            "version": "1.1.1",
            "source": {
                "type": "git",
                "url": "https://github.com/pkrll/Hyperion.git",
                "reference": "3d6a98765d97622b06639aec30e58870afd120c2"
            },
            "dist": {
                "type": "zip",
                "url": "https://api.github.com/repos/pkrll/Hyperion/zipball/3d6a98765d97622b06639aec30e58870afd120c2",
                "reference": "3d6a98765d97622b06639aec30e58870afd120c2",
                "shasum": ""
            },
            "require": {
                "php": ">=5.3.0"
            },
            "type": "library",
            "autoload": {
                "psr-4": {
                    "hyperion\\": ""
                }
            },
            "notification-url": "https://packagist.org/downloads/",
            "license": [
                "GPL-2.0"
            ],
            "authors": [
                {
                    "name": "Ardalan Samimi",
                    "role": "Developer"
                }
            ],
            "description": "Lightweight MVC framework",
            "homepage": "https://github.com/pkrll/Hyperion",
            "keywords": [
                "framework",
                "hyperion",
                "mvc"
            ],
            "time": "2015-11-17 12:06:34"
        },
        {
            "name": "saturn/session",
            "version": "1.0.1",
            "source": {
                "type": "git",
                "url": "https://github.com/pkrll/Session.git",
                "reference": "9871b2489647cc3cc9439d52ad4bc4fba3f546f0"
            },
            "dist": {
                "type": "zip",
                "url": "https://api.github.com/repos/pkrll/Session/zipball/9871b2489647cc3cc9439d52ad4bc4fba3f546f0",
                "reference": "9871b2489647cc3cc9439d52ad4bc4fba3f546f0",
                "shasum": ""
            },
            "type": "library",
            "autoload": {
                "psr-4": {
                    "saturn\\session\\": ""
                }
            },
            "notification-url": "https://packagist.org/downloads/",
            "license": [
                "GPL-2.0"
            ],
            "authors": [
                {
                    "name": "Ardalan Samimi",
                    "role": "Developer"
                }
            ],
            "description": "PHP Wrapper class for Sessions.",
            "homepage": "https://github.com/pkrll/Session",
            "keywords": [
                "session"
            ],
            "time": "2015-08-23 07:45:38"
        },
        {
            "name": "saturn/twarpy",
            "version": "2.0.1",
            "source": {
                "type": "git",
                "url": "https://github.com/pkrll/Twarpy.git",
                "reference": "c4b7081228931979537afee53262fbf15c49ae25"
            },
            "dist": {
                "type": "zip",
                "url": "https://api.github.com/repos/pkrll/Twarpy/zipball/c4b7081228931979537afee53262fbf15c49ae25",
                "reference": "c4b7081228931979537afee53262fbf15c49ae25",
                "shasum": ""
            },
            "require": {
                "php": ">=5.3.0"
            },
            "type": "library",
            "autoload": {
                "psr-4": {
                    "Twarpy\\": "lib"
                }
            },
            "notification-url": "https://packagist.org/downloads/",
            "license": [
                "GPL-2.0"
            ],
            "authors": [
                {
                    "name": "Ardalan Samimi",
                    "role": "Developer"
                }
            ],
            "description": "A simple and small PHP library for accessing the Twitter REST API",
            "homepage": "https://github.com/pkrll/Twarpy",
            "keywords": [
                "Twarpy",
                "twitter"
            ],
            "time": "2015-12-22 11:43:43"
        }
    ],
    "packages-dev": [],
    "aliases": [],
    "minimum-stability": "stable",
    "stability-flags": [],
    "prefer-stable": false,
    "prefer-lowest": false,
    "platform": [],
    "platform-dev": []
}
